
Microsoft Visual Studio Solution File, Format Version 12.00
# Visual Studio Version 17
VisualStudioVersion = 17.1.32407.343
MinimumVisualStudioVersion = 10.0.40219.1
Project("{9A19103F-16F7-4668-BE54-9A1E7A4F7556}") = "PokerTimer6", "PokerTimer6\PokerTimer6.csproj", "{7D73860D-E3B1-4AE7-91BD-E4268CD467CD}"
EndProject
Project("{9A19103F-16F7-4668-BE54-9A1E7A4F7556}") = "PokerLibrary", "PokerLibrary\PokerLibrary.csproj", "{4A74E12F-8045-465F-BAA2-57D5BD8DFB0F}"
EndProject
Project("{9A19103F-16F7-4668-BE54-9A1E7A4F7556}") = "SheepheadLibrary", "SheepheadLibrary\SheepheadLibrary.csproj", "{F7868D82-980C-497F-A049-3D4E2D0E68F7}"
EndProject
Project("{9A19103F-16F7-4668-BE54-9A1E7A4F7556}") = "SheepheadConsole", "SheepheadConsole\SheepheadConsole.csproj", "{E4E8829C-1966-4CC5-9583-46E55B63A2D2}"
EndProject
Project("{9A19103F-16F7-4668-BE54-9A1E7A4F7556}") = "BlazorComponents", "BlazorComponents\BlazorComponents.csproj", "{D2650FEC-858F-4D01-B2CE-6096CDF6F1E6}"
EndProject
Project("{9A19103F-16F7-4668-BE54-9A1E7A4F7556}") = "PokerEntities", "PokerEntities\PokerEntities.csproj", "{26CF345F-CEAB-4CAA-9133-D9302DF414B1}"
EndProject
Project("{9A19103F-16F7-4668-BE54-9A1E7A4F7556}") = "PokerServices", "PokerServices\PokerServices.csproj", "{2871247B-D288-4B61-B3E8-53FDECD8D157}"
EndProject
Project("{9A19103F-16F7-4668-BE54-9A1E7A4F7556}") = "PokerTimer8", "PokerTimer8\PokerTimer8\PokerTimer8.csproj", "{E66E09CB-813B-4AFE-95C3-44546B669FE9}"
EndProject
Project("{9A19103F-16F7-4668-BE54-9A1E7A4F7556}") = "PokerTimer8.Client", "PokerTimer8\PokerTimer8.Client\PokerTimer8.Client.csproj", "{94200E24-E804-4077-B109-D4E99DF94895}"
EndProject
Project("{FAE04EC0-301F-11D3-BF4B-00C04F79EFBC}") = "PokerApi", "PokerApi\PokerApi.csproj", "{826FABA4-2CC2-4EA5-B6BF-4A9B933207C8}"
EndProject
Global
	GlobalSection(SolutionConfigurationPlatforms) = preSolution
		Debug|Any CPU = Debug|Any CPU
		Release|Any CPU = Release|Any CPU
	EndGlobalSection
	GlobalSection(ProjectConfigurationPlatforms) = postSolution
		{7D73860D-E3B1-4AE7-91BD-E4268CD467CD}.Debug|Any CPU.ActiveCfg = Debug|Any CPU
		{7D73860D-E3B1-4AE7-91BD-E4268CD467CD}.Debug|Any CPU.Build.0 = Debug|Any CPU
		{7D73860D-E3B1-4AE7-91BD-E4268CD467CD}.Release|Any CPU.ActiveCfg = Release|Any CPU
		{7D73860D-E3B1-4AE7-91BD-E4268CD467CD}.Release|Any CPU.Build.0 = Release|Any CPU
		{4A74E12F-8045-465F-BAA2-57D5BD8DFB0F}.Debug|Any CPU.ActiveCfg = Debug|Any CPU
		{4A74E12F-8045-465F-BAA2-57D5BD8DFB0F}.Debug|Any CPU.Build.0 = Debug|Any CPU
		{4A74E12F-8045-465F-BAA2-57D5BD8DFB0F}.Release|Any CPU.ActiveCfg = Release|Any CPU
		{4A74E12F-8045-465F-BAA2-57D5BD8DFB0F}.Release|Any CPU.Build.0 = Release|Any CPU
		{F7868D82-980C-497F-A049-3D4E2D0E68F7}.Debug|Any CPU.ActiveCfg = Debug|Any CPU
		{F7868D82-980C-497F-A049-3D4E2D0E68F7}.Debug|Any CPU.Build.0 = Debug|Any CPU
		{F7868D82-980C-497F-A049-3D4E2D0E68F7}.Release|Any CPU.ActiveCfg = Release|Any CPU
		{F7868D82-980C-497F-A049-3D4E2D0E68F7}.Release|Any CPU.Build.0 = Release|Any CPU
		{E4E8829C-1966-4CC5-9583-46E55B63A2D2}.Debug|Any CPU.ActiveCfg = Debug|Any CPU
		{E4E8829C-1966-4CC5-9583-46E55B63A2D2}.Debug|Any CPU.Build.0 = Debug|Any CPU
		{E4E8829C-1966-4CC5-9583-46E55B63A2D2}.Release|Any CPU.ActiveCfg = Release|Any CPU
		{E4E8829C-1966-4CC5-9583-46E55B63A2D2}.Release|Any CPU.Build.0 = Release|Any CPU
		{D2650FEC-858F-4D01-B2CE-6096CDF6F1E6}.Debug|Any CPU.ActiveCfg = Debug|Any CPU
		{D2650FEC-858F-4D01-B2CE-6096CDF6F1E6}.Debug|Any CPU.Build.0 = Debug|Any CPU
		{D2650FEC-858F-4D01-B2CE-6096CDF6F1E6}.Release|Any CPU.ActiveCfg = Release|Any CPU
		{D2650FEC-858F-4D01-B2CE-6096CDF6F1E6}.Release|Any CPU.Build.0 = Release|Any CPU
		{26CF345F-CEAB-4CAA-9133-D9302DF414B1}.Debug|Any CPU.ActiveCfg = Debug|Any CPU
		{26CF345F-CEAB-4CAA-9133-D9302DF414B1}.Debug|Any CPU.Build.0 = Debug|Any CPU
		{26CF345F-CEAB-4CAA-9133-D9302DF414B1}.Release|Any CPU.ActiveCfg = Release|Any CPU
		{26CF345F-CEAB-4CAA-9133-D9302DF414B1}.Release|Any CPU.Build.0 = Release|Any CPU
		{2871247B-D288-4B61-B3E8-53FDECD8D157}.Debug|Any CPU.ActiveCfg = Debug|Any CPU
		{2871247B-D288-4B61-B3E8-53FDECD8D157}.Debug|Any CPU.Build.0 = Debug|Any CPU
		{2871247B-D288-4B61-B3E8-53FDECD8D157}.Release|Any CPU.ActiveCfg = Release|Any CPU
		{2871247B-D288-4B61-B3E8-53FDECD8D157}.Release|Any CPU.Build.0 = Release|Any CPU
		{E66E09CB-813B-4AFE-95C3-44546B669FE9}.Debug|Any CPU.ActiveCfg = Debug|Any CPU
		{E66E09CB-813B-4AFE-95C3-44546B669FE9}.Debug|Any CPU.Build.0 = Debug|Any CPU
		{E66E09CB-813B-4AFE-95C3-44546B669FE9}.Release|Any CPU.ActiveCfg = Release|Any CPU
		{E66E09CB-813B-4AFE-95C3-44546B669FE9}.Release|Any CPU.Build.0 = Release|Any CPU
		{94200E24-E804-4077-B109-D4E99DF94895}.Debug|Any CPU.ActiveCfg = Debug|Any CPU
		{94200E24-E804-4077-B109-D4E99DF94895}.Debug|Any CPU.Build.0 = Debug|Any CPU
		{94200E24-E804-4077-B109-D4E99DF94895}.Release|Any CPU.ActiveCfg = Release|Any CPU
		{94200E24-E804-4077-B109-D4E99DF94895}.Release|Any CPU.Build.0 = Release|Any CPU
		{826FABA4-2CC2-4EA5-B6BF-4A9B933207C8}.Debug|Any CPU.ActiveCfg = Debug|Any CPU
		{826FABA4-2CC2-4EA5-B6BF-4A9B933207C8}.Debug|Any CPU.Build.0 = Debug|Any CPU
		{826FABA4-2CC2-4EA5-B6BF-4A9B933207C8}.Release|Any CPU.ActiveCfg = Release|Any CPU
		{826FABA4-2CC2-4EA5-B6BF-4A9B933207C8}.Release|Any CPU.Build.0 = Release|Any CPU
	EndGlobalSection
	GlobalSection(SolutionProperties) = preSolution
		HideSolutionNode = FALSE
	EndGlobalSection
	GlobalSection(ExtensibilityGlobals) = postSolution
		SolutionGuid = {8EA6C6F0-F8D3-4E39-8771-38AB51AE4A0A}
	EndGlobalSection
EndGlobal
